
Microsoft Visual Studio Solution File, Format Version 12.00
# Visual Studio Version 17
VisualStudioVersion = 17.9.34622.214
MinimumVisualStudioVersion = 10.0.40219.1
Project("{FAE04EC0-301F-11D3-BF4B-00C04F79EFBC}") = "WebApi", "WebApi\WebApi.csproj", "{AC3F9B16-3E88-4977-9DE1-099E6F38B205}"
EndProject
Project("{FAE04EC0-301F-11D3-BF4B-00C04F79EFBC}") = "Business", "Business\Business.csproj", "{476FC2C9-AD54-4370-A260-D58A0393C221}"
EndProject
Project("{FAE04EC0-301F-11D3-BF4B-00C04F79EFBC}") = "DataAccess", "DataAccess\DataAccess.csproj", "{1EC991EE-B80A-45FE-A055-A83B532DD7E8}"
EndProject
Project("{FAE04EC0-301F-11D3-BF4B-00C04F79EFBC}") = "Entities", "Entities\Entities.csproj", "{A8845828-AEBD-4432-8FA7-AB5BFF63C1AC}"
EndProject
Project("{FAE04EC0-301F-11D3-BF4B-00C04F79EFBC}") = "Core", "Core\Core.csproj", "{7D94AF8F-F79E-4209-922B-1B7675AE24D0}"
EndProject
Global
	GlobalSection(SolutionConfigurationPlatforms) = preSolution
		Debug|Any CPU = Debug|Any CPU
		Release|Any CPU = Release|Any CPU
	EndGlobalSection
	GlobalSection(ProjectConfigurationPlatforms) = postSolution
		{AC3F9B16-3E88-4977-9DE1-099E6F38B205}.Debug|Any CPU.ActiveCfg = Debug|Any CPU
		{AC3F9B16-3E88-4977-9DE1-099E6F38B205}.Debug|Any CPU.Build.0 = Debug|Any CPU
		{AC3F9B16-3E88-4977-9DE1-099E6F38B205}.Release|Any CPU.ActiveCfg = Release|Any CPU
		{AC3F9B16-3E88-4977-9DE1-099E6F38B205}.Release|Any CPU.Build.0 = Release|Any CPU
		{476FC2C9-AD54-4370-A260-D58A0393C221}.Debug|Any CPU.ActiveCfg = Debug|Any CPU
		{476FC2C9-AD54-4370-A260-D58A0393C221}.Debug|Any CPU.Build.0 = Debug|Any CPU
		{476FC2C9-AD54-4370-A260-D58A0393C221}.Release|Any CPU.ActiveCfg = Release|Any CPU
		{476FC2C9-AD54-4370-A260-D58A0393C221}.Release|Any CPU.Build.0 = Release|Any CPU
		{1EC991EE-B80A-45FE-A055-A83B532DD7E8}.Debug|Any CPU.ActiveCfg = Debug|Any CPU
		{1EC991EE-B80A-45FE-A055-A83B532DD7E8}.Debug|Any CPU.Build.0 = Debug|Any CPU
		{1EC991EE-B80A-45FE-A055-A83B532DD7E8}.Release|Any CPU.ActiveCfg = Release|Any CPU
		{1EC991EE-B80A-45FE-A055-A83B532DD7E8}.Release|Any CPU.Build.0 = Release|Any CPU
		{A8845828-AEBD-4432-8FA7-AB5BFF63C1AC}.Debug|Any CPU.ActiveCfg = Debug|Any CPU
		{A8845828-AEBD-4432-8FA7-AB5BFF63C1AC}.Debug|Any CPU.Build.0 = Debug|Any CPU
		{A8845828-AEBD-4432-8FA7-AB5BFF63C1AC}.Release|Any CPU.ActiveCfg = Release|Any CPU
		{A8845828-AEBD-4432-8FA7-AB5BFF63C1AC}.Release|Any CPU.Build.0 = Release|Any CPU
		{7D94AF8F-F79E-4209-922B-1B7675AE24D0}.Debug|Any CPU.ActiveCfg = Debug|Any CPU
		{7D94AF8F-F79E-4209-922B-1B7675AE24D0}.Debug|Any CPU.Build.0 = Debug|Any CPU
		{7D94AF8F-F79E-4209-922B-1B7675AE24D0}.Release|Any CPU.ActiveCfg = Release|Any CPU
		{7D94AF8F-F79E-4209-922B-1B7675AE24D0}.Release|Any CPU.Build.0 = Release|Any CPU
	EndGlobalSection
	GlobalSection(SolutionProperties) = preSolution
		HideSolutionNode = FALSE
	EndGlobalSection
	GlobalSection(ExtensibilityGlobals) = postSolution
		SolutionGuid = {A44BFCE5-704F-4A2F-A6B6-99E66BE0923F}
	EndGlobalSection
EndGlobal
